
Microsoft Visual Studio Solution File, Format Version 12.00
# Visual Studio Version 18
VisualStudioVersion = 18.4.11620.152 stable
MinimumVisualStudioVersion = 10.0.40219.1
Project("{FAE04EC0-301F-11D3-BF4B-00C04F79EFBC}") = "ERManagementSystem", "UBB-SE-2026-House-MD-main\ERManagementSystem\ERManagementSystem.csproj", "{9718D668-F264-46DF-918E-314BB850DA06}"
EndProject
Project("{FAE04EC0-301F-11D3-BF4B-00C04F79EFBC}") = "HospitalManagement", "UBB-SE-2026-MysteryInc-main\HospitalManagement\HospitalManagement.csproj", "{F37F63A4-20D6-4E71-98F1-DEB8FE44F97F}"
EndProject
Project("{FAE04EC0-301F-11D3-BF4B-00C04F79EFBC}") = "HospitalManagementTest", "UBB-SE-2026-MysteryInc-main\HospitalManagementTest\HospitalManagementTest.csproj", "{B23BE4E7-9768-4B0B-8BD7-D3F09F0D0830}"
EndProject
Project("{FAE04EC0-301F-11D3-BF4B-00C04F79EFBC}") = "Common.Data", "Common.Data\Common.Data.csproj", "{ABDB4392-0268-4F83-B48B-DC0FE1E309ED}"
EndProject
Project("{FAE04EC0-301F-11D3-BF4B-00C04F79EFBC}") = "Common.API", "Common.API\Common.API.csproj", "{0743A38F-37B1-4260-917F-12E263B58746}"
EndProject
Project("{FAE04EC0-301F-11D3-BF4B-00C04F79EFBC}") = "HospitalManagement.Web", "HospitalManagement.Web\HospitalManagement.Web.csproj", "{D8C4124D-2583-4970-A550-C581398D0DB4}"
EndProject
Project("{FAE04EC0-301F-11D3-BF4B-00C04F79EFBC}") = "HospitalManagement.WebTest", "HospitalManagement.WebTest\HospitalManagement.WebTest.csproj", "{026B6168-8094-4171-9B41-A5535F344887}"
EndProject
Project("{FAE04EC0-301F-11D3-BF4B-00C04F79EFBC}") = "Common.Tests", "Common.Tests\Common.Tests.csproj", "{C7F2E158-3A41-4D89-B2C6-91D5E3F8A042}"
EndProject
Global
	GlobalSection(SolutionConfigurationPlatforms) = preSolution
		Debug|Any CPU = Debug|Any CPU
		Debug|ARM64 = Debug|ARM64
		Debug|x64 = Debug|x64
		Debug|x86 = Debug|x86
		Release|Any CPU = Release|Any CPU
		Release|ARM64 = Release|ARM64
		Release|x64 = Release|x64
		Release|x86 = Release|x86
	EndGlobalSection
	GlobalSection(ProjectConfigurationPlatforms) = postSolution
		{9718D668-F264-46DF-918E-314BB850DA06}.Debug|Any CPU.ActiveCfg = Debug|Any CPU
		{9718D668-F264-46DF-918E-314BB850DA06}.Debug|Any CPU.Build.0 = Debug|Any CPU
		{9718D668-F264-46DF-918E-314BB850DA06}.Debug|ARM64.ActiveCfg = Debug|ARM64
		{9718D668-F264-46DF-918E-314BB850DA06}.Debug|x64.ActiveCfg = Debug|x64
		{9718D668-F264-46DF-918E-314BB850DA06}.Debug|x64.Build.0 = Debug|x64
		{9718D668-F264-46DF-918E-314BB850DA06}.Debug|x64.Deploy.0 = Debug|x64
		{9718D668-F264-46DF-918E-314BB850DA06}.Debug|x86.ActiveCfg = Debug|x86
		{9718D668-F264-46DF-918E-314BB850DA06}.Debug|x86.Build.0 = Debug|x86
		{9718D668-F264-46DF-918E-314BB850DA06}.Debug|x86.Deploy.0 = Debug|x86
		{9718D668-F264-46DF-918E-314BB850DA06}.Release|Any CPU.ActiveCfg = Release|x64
		{9718D668-F264-46DF-918E-314BB850DA06}.Release|Any CPU.Build.0 = Release|x64
		{9718D668-F264-46DF-918E-314BB850DA06}.Release|ARM64.ActiveCfg = Release|ARM64
		{9718D668-F264-46DF-918E-314BB850DA06}.Release|x64.ActiveCfg = Release|x64
		{9718D668-F264-46DF-918E-314BB850DA06}.Release|x64.Build.0 = Release|x64
		{9718D668-F264-46DF-918E-314BB850DA06}.Release|x64.Deploy.0 = Release|x64
		{9718D668-F264-46DF-918E-314BB850DA06}.Release|x86.ActiveCfg = Release|x86
		{9718D668-F264-46DF-918E-314BB850DA06}.Release|x86.Build.0 = Release|x86
		{9718D668-F264-46DF-918E-314BB850DA06}.Release|x86.Deploy.0 = Release|x86
		{F37F63A4-20D6-4E71-98F1-DEB8FE44F97F}.Debug|Any CPU.ActiveCfg = Debug|Any CPU
		{F37F63A4-20D6-4E71-98F1-DEB8FE44F97F}.Debug|Any CPU.Build.0 = Debug|Any CPU
		{F37F63A4-20D6-4E71-98F1-DEB8FE44F97F}.Debug|Any CPU.Deploy.0 = Debug|Any CPU
		{F37F63A4-20D6-4E71-98F1-DEB8FE44F97F}.Debug|ARM64.ActiveCfg = Debug|ARM64
		{F37F63A4-20D6-4E71-98F1-DEB8FE44F97F}.Debug|x64.ActiveCfg = Debug|x64
		{F37F63A4-20D6-4E71-98F1-DEB8FE44F97F}.Debug|x64.Build.0 = Debug|x64
		{F37F63A4-20D6-4E71-98F1-DEB8FE44F97F}.Debug|x86.ActiveCfg = Debug|x86
		{F37F63A4-20D6-4E71-98F1-DEB8FE44F97F}.Debug|x86.Build.0 = Debug|x86
		{F37F63A4-20D6-4E71-98F1-DEB8FE44F97F}.Debug|x86.Deploy.0 = Debug|x86
		{F37F63A4-20D6-4E71-98F1-DEB8FE44F97F}.Release|Any CPU.ActiveCfg = Release|x64
		{F37F63A4-20D6-4E71-98F1-DEB8FE44F97F}.Release|Any CPU.Build.0 = Release|x64
		{F37F63A4-20D6-4E71-98F1-DEB8FE44F97F}.Release|ARM64.ActiveCfg = Release|ARM64
		{F37F63A4-20D6-4E71-98F1-DEB8FE44F97F}.Release|x64.ActiveCfg = Release|x64
		{F37F63A4-20D6-4E71-98F1-DEB8FE44F97F}.Release|x64.Build.0 = Release|x64
		{F37F63A4-20D6-4E71-98F1-DEB8FE44F97F}.Release|x64.Deploy.0 = Release|x64
		{F37F63A4-20D6-4E71-98F1-DEB8FE44F97F}.Release|x86.ActiveCfg = Release|x86
		{F37F63A4-20D6-4E71-98F1-DEB8FE44F97F}.Release|x86.Build.0 = Release|x86
		{B23BE4E7-9768-4B0B-8BD7-D3F09F0D0830}.Debug|Any CPU.ActiveCfg = Debug|x64
		{B23BE4E7-9768-4B0B-8BD7-D3F09F0D0830}.Debug|ARM64.ActiveCfg = Debug|ARM64
		{B23BE4E7-9768-4B0B-8BD7-D3F09F0D0830}.Debug|x64.ActiveCfg = Debug|x64
		{B23BE4E7-9768-4B0B-8BD7-D3F09F0D0830}.Debug|x86.ActiveCfg = Debug|x86
		{B23BE4E7-9768-4B0B-8BD7-D3F09F0D0830}.Debug|x86.Build.0 = Debug|x86
		{B23BE4E7-9768-4B0B-8BD7-D3F09F0D0830}.Release|Any CPU.ActiveCfg = Release|Any CPU
		{B23BE4E7-9768-4B0B-8BD7-D3F09F0D0830}.Release|ARM64.ActiveCfg = Release|ARM64
		{B23BE4E7-9768-4B0B-8BD7-D3F09F0D0830}.Release|x64.ActiveCfg = Release|x64
		{B23BE4E7-9768-4B0B-8BD7-D3F09F0D0830}.Release|x86.ActiveCfg = Release|Any CPU
		{ABDB4392-0268-4F83-B48B-DC0FE1E309ED}.Debug|Any CPU.ActiveCfg = Debug|Any CPU
		{ABDB4392-0268-4F83-B48B-DC0FE1E309ED}.Debug|Any CPU.Build.0 = Debug|Any CPU
		{ABDB4392-0268-4F83-B48B-DC0FE1E309ED}.Debug|ARM64.ActiveCfg = Debug|Any CPU
		{ABDB4392-0268-4F83-B48B-DC0FE1E309ED}.Debug|ARM64.Build.0 = Debug|Any CPU
		{ABDB4392-0268-4F83-B48B-DC0FE1E309ED}.Debug|x64.ActiveCfg = Debug|Any CPU
		{ABDB4392-0268-4F83-B48B-DC0FE1E309ED}.Debug|x64.Build.0 = Debug|Any CPU
		{ABDB4392-0268-4F83-B48B-DC0FE1E309ED}.Debug|x86.ActiveCfg = Debug|Any CPU
		{ABDB4392-0268-4F83-B48B-DC0FE1E309ED}.Debug|x86.Build.0 = Debug|Any CPU
		{ABDB4392-0268-4F83-B48B-DC0FE1E309ED}.Release|Any CPU.ActiveCfg = Release|Any CPU
		{ABDB4392-0268-4F83-B48B-DC0FE1E309ED}.Release|Any CPU.Build.0 = Release|Any CPU
		{ABDB4392-0268-4F83-B48B-DC0FE1E309ED}.Release|ARM64.ActiveCfg = Release|Any CPU
		{ABDB4392-0268-4F83-B48B-DC0FE1E309ED}.Release|ARM64.Build.0 = Release|Any CPU
		{ABDB4392-0268-4F83-B48B-DC0FE1E309ED}.Release|x64.ActiveCfg = Release|Any CPU
		{ABDB4392-0268-4F83-B48B-DC0FE1E309ED}.Release|x64.Build.0 = Release|Any CPU
		{ABDB4392-0268-4F83-B48B-DC0FE1E309ED}.Release|x86.ActiveCfg = Release|Any CPU
		{ABDB4392-0268-4F83-B48B-DC0FE1E309ED}.Release|x86.Build.0 = Release|Any CPU
		{0743A38F-37B1-4260-917F-12E263B58746}.Debug|Any CPU.ActiveCfg = Debug|Any CPU
		{0743A38F-37B1-4260-917F-12E263B58746}.Debug|Any CPU.Build.0 = Debug|Any CPU
		{0743A38F-37B1-4260-917F-12E263B58746}.Debug|ARM64.ActiveCfg = Debug|Any CPU
		{0743A38F-37B1-4260-917F-12E263B58746}.Debug|ARM64.Build.0 = Debug|Any CPU
		{0743A38F-37B1-4260-917F-12E263B58746}.Debug|x64.ActiveCfg = Debug|Any CPU
		{0743A38F-37B1-4260-917F-12E263B58746}.Debug|x64.Build.0 = Debug|Any CPU
		{0743A38F-37B1-4260-917F-12E263B58746}.Debug|x86.ActiveCfg = Debug|Any CPU
		{0743A38F-37B1-4260-917F-12E263B58746}.Debug|x86.Build.0 = Debug|Any CPU
		{0743A38F-37B1-4260-917F-12E263B58746}.Release|Any CPU.ActiveCfg = Release|Any CPU
		{0743A38F-37B1-4260-917F-12E263B58746}.Release|Any CPU.Build.0 = Release|Any CPU
		{0743A38F-37B1-4260-917F-12E263B58746}.Release|ARM64.ActiveCfg = Release|Any CPU
		{0743A38F-37B1-4260-917F-12E263B58746}.Release|ARM64.Build.0 = Release|Any CPU
		{0743A38F-37B1-4260-917F-12E263B58746}.Release|x64.ActiveCfg = Release|Any CPU
		{0743A38F-37B1-4260-917F-12E263B58746}.Release|x64.Build.0 = Release|Any CPU
		{0743A38F-37B1-4260-917F-12E263B58746}.Release|x86.ActiveCfg = Release|Any CPU
		{0743A38F-37B1-4260-917F-12E263B58746}.Release|x86.Build.0 = Release|Any CPU
		{D8C4124D-2583-4970-A550-C581398D0DB4}.Debug|Any CPU.ActiveCfg = Debug|Any CPU
		{D8C4124D-2583-4970-A550-C581398D0DB4}.Debug|Any CPU.Build.0 = Debug|Any CPU
		{D8C4124D-2583-4970-A550-C581398D0DB4}.Debug|ARM64.ActiveCfg = Debug|Any CPU
		{D8C4124D-2583-4970-A550-C581398D0DB4}.Debug|ARM64.Build.0 = Debug|Any CPU
		{D8C4124D-2583-4970-A550-C581398D0DB4}.Debug|x64.ActiveCfg = Debug|Any CPU
		{D8C4124D-2583-4970-A550-C581398D0DB4}.Debug|x64.Build.0 = Debug|Any CPU
		{D8C4124D-2583-4970-A550-C581398D0DB4}.Debug|x86.ActiveCfg = Debug|Any CPU
		{D8C4124D-2583-4970-A550-C581398D0DB4}.Debug|x86.Build.0 = Debug|Any CPU
		{D8C4124D-2583-4970-A550-C581398D0DB4}.Release|Any CPU.ActiveCfg = Release|Any CPU
		{D8C4124D-2583-4970-A550-C581398D0DB4}.Release|Any CPU.Build.0 = Release|Any CPU
		{D8C4124D-2583-4970-A550-C581398D0DB4}.Release|ARM64.ActiveCfg = Release|Any CPU
		{D8C4124D-2583-4970-A550-C581398D0DB4}.Release|ARM64.Build.0 = Release|Any CPU
		{D8C4124D-2583-4970-A550-C581398D0DB4}.Release|x64.ActiveCfg = Release|Any CPU
		{D8C4124D-2583-4970-A550-C581398D0DB4}.Release|x64.Build.0 = Release|Any CPU
		{D8C4124D-2583-4970-A550-C581398D0DB4}.Release|x86.ActiveCfg = Release|Any CPU
		{D8C4124D-2583-4970-A550-C581398D0DB4}.Release|x86.Build.0 = Release|Any CPU
		{026B6168-8094-4171-9B41-A5535F344887}.Debug|Any CPU.ActiveCfg = Debug|Any CPU
		{026B6168-8094-4171-9B41-A5535F344887}.Debug|Any CPU.Build.0 = Debug|Any CPU
		{026B6168-8094-4171-9B41-A5535F344887}.Debug|ARM64.ActiveCfg = Debug|Any CPU
		{026B6168-8094-4171-9B41-A5535F344887}.Debug|ARM64.Build.0 = Debug|Any CPU
		{026B6168-8094-4171-9B41-A5535F344887}.Debug|x64.ActiveCfg = Debug|Any CPU
		{026B6168-8094-4171-9B41-A5535F344887}.Debug|x64.Build.0 = Debug|Any CPU
		{026B6168-8094-4171-9B41-A5535F344887}.Debug|x86.ActiveCfg = Debug|Any CPU
		{026B6168-8094-4171-9B41-A5535F344887}.Debug|x86.Build.0 = Debug|Any CPU
		{026B6168-8094-4171-9B41-A5535F344887}.Release|Any CPU.ActiveCfg = Release|Any CPU
		{026B6168-8094-4171-9B41-A5535F344887}.Release|Any CPU.Build.0 = Release|Any CPU
		{026B6168-8094-4171-9B41-A5535F344887}.Release|ARM64.ActiveCfg = Release|Any CPU
		{026B6168-8094-4171-9B41-A5535F344887}.Release|ARM64.Build.0 = Release|Any CPU
		{026B6168-8094-4171-9B41-A5535F344887}.Release|x64.ActiveCfg = Release|Any CPU
		{026B6168-8094-4171-9B41-A5535F344887}.Release|x64.Build.0 = Release|Any CPU
		{026B6168-8094-4171-9B41-A5535F344887}.Release|x86.ActiveCfg = Release|Any CPU
		{026B6168-8094-4171-9B41-A5535F344887}.Release|x86.Build.0 = Release|Any CPU
		{C7F2E158-3A41-4D89-B2C6-91D5E3F8A042}.Debug|Any CPU.ActiveCfg = Debug|Any CPU
		{C7F2E158-3A41-4D89-B2C6-91D5E3F8A042}.Debug|Any CPU.Build.0 = Debug|Any CPU
		{C7F2E158-3A41-4D89-B2C6-91D5E3F8A042}.Debug|ARM64.ActiveCfg = Debug|Any CPU
		{C7F2E158-3A41-4D89-B2C6-91D5E3F8A042}.Debug|ARM64.Build.0 = Debug|Any CPU
		{C7F2E158-3A41-4D89-B2C6-91D5E3F8A042}.Debug|x64.ActiveCfg = Debug|Any CPU
		{C7F2E158-3A41-4D89-B2C6-91D5E3F8A042}.Debug|x64.Build.0 = Debug|Any CPU
		{C7F2E158-3A41-4D89-B2C6-91D5E3F8A042}.Debug|x86.ActiveCfg = Debug|Any CPU
		{C7F2E158-3A41-4D89-B2C6-91D5E3F8A042}.Debug|x86.Build.0 = Debug|Any CPU
		{C7F2E158-3A41-4D89-B2C6-91D5E3F8A042}.Release|Any CPU.ActiveCfg = Release|Any CPU
		{C7F2E158-3A41-4D89-B2C6-91D5E3F8A042}.Release|Any CPU.Build.0 = Release|Any CPU
		{C7F2E158-3A41-4D89-B2C6-91D5E3F8A042}.Release|ARM64.ActiveCfg = Release|Any CPU
		{C7F2E158-3A41-4D89-B2C6-91D5E3F8A042}.Release|ARM64.Build.0 = Release|Any CPU
		{C7F2E158-3A41-4D89-B2C6-91D5E3F8A042}.Release|x64.ActiveCfg = Release|Any CPU
		{C7F2E158-3A41-4D89-B2C6-91D5E3F8A042}.Release|x64.Build.0 = Release|Any CPU
		{C7F2E158-3A41-4D89-B2C6-91D5E3F8A042}.Release|x86.ActiveCfg = Release|Any CPU
		{C7F2E158-3A41-4D89-B2C6-91D5E3F8A042}.Release|x86.Build.0 = Release|Any CPU
	EndGlobalSection
	GlobalSection(SolutionProperties) = preSolution
		HideSolutionNode = FALSE
	EndGlobalSection
	GlobalSection(ExtensibilityGlobals) = postSolution
		SolutionGuid = {7D350EF8-97E6-4B8D-A8A5-41CCB3570D03}
	EndGlobalSection
EndGlobal
